
Microsoft Visual Studio Solution File, Format Version 12.00
# Visual Studio Version 17
VisualStudioVersion = 17.7.34031.279
MinimumVisualStudioVersion = 10.0.40219.1
Project("{2150E333-8FDC-42A3-9474-1A3956D46DE8}") = "1.Shared", "1.Shared", "{76707166-E661-4749-B0D0-35BE1455F747}"
EndProject
Project("{2150E333-8FDC-42A3-9474-1A3956D46DE8}") = "2.Domain", "2.Domain", "{860448F2-4C08-4A53-AA27-85F954A295DC}"
EndProject
Project("{2150E333-8FDC-42A3-9474-1A3956D46DE8}") = "3.Infrastructure", "3.Infrastructure", "{584B7923-DF94-4E0D-8220-5096CF01A8F1}"
EndProject
Project("{2150E333-8FDC-42A3-9474-1A3956D46DE8}") = "4.Hosts", "4.Hosts", "{4C4F3CA4-E5AD-4DEB-9F42-94CE412F6378}"
EndProject
Project("{2150E333-8FDC-42A3-9474-1A3956D46DE8}") = "Api", "Api", "{A1D61846-9A3F-4C92-81F3-F280105CD397}"
EndProject
Project("{2150E333-8FDC-42A3-9474-1A3956D46DE8}") = "Client", "Client", "{CACAC862-CBF2-48F5-A81B-BC7760A82563}"
EndProject
Project("{9A19103F-16F7-4668-BE54-9A1E7A4F7556}") = "Data", "Data\Data.csproj", "{D8326A47-89C7-40AC-8066-96ED4A6FAD96}"
EndProject
Project("{9A19103F-16F7-4668-BE54-9A1E7A4F7556}") = "AmazonProductSearchAPI", "AmazonProductSearchAPI\AmazonProductSearchAPI.csproj", "{BB57D8AE-2BA2-452F-B2A0-8C5BC1F691B6}"
EndProject
Project("{9A19103F-16F7-4668-BE54-9A1E7A4F7556}") = "Shared", "Shared\Shared.csproj", "{85B7BC5A-1454-4656-BB27-90F9E983EF9F}"
EndProject
Project("{9A19103F-16F7-4668-BE54-9A1E7A4F7556}") = "ViewModels", "ViewModels\ViewModels.csproj", "{299BF5E8-A69B-4238-A49D-5ADCAACEB613}"
EndProject
Project("{2150E333-8FDC-42A3-9474-1A3956D46DE8}") = "5.Tests", "5.Tests", "{10B2F63D-E183-40AF-84C0-DBF553A6EF37}"
EndProject
Project("{2150E333-8FDC-42A3-9474-1A3956D46DE8}") = "IntegrationTests", "IntegrationTests", "{2A4D246E-17EE-42F4-A2FF-9D02A15E9542}"
EndProject
Project("{2150E333-8FDC-42A3-9474-1A3956D46DE8}") = "UnitTests", "UnitTests", "{96147426-0F4E-4AD9-AF03-0C0DDBE1A97C}"
EndProject
Project("{9A19103F-16F7-4668-BE54-9A1E7A4F7556}") = "Infrastructure", "Infrastructure\Infrastructure.csproj", "{9B508437-9360-4EFD-8E5B-D40AB6139C8B}"
EndProject
Project("{9A19103F-16F7-4668-BE54-9A1E7A4F7556}") = "Services", "Services\Services.csproj", "{87655989-DC8A-4307-8DFE-D8BCC65CAA80}"
EndProject
Project("{54A90642-561A-4BB1-A94E-469ADEE60C69}") = "AmazonProductSearchWebApp", "AmazonProductSearchWebApp\AmazonProductSearchWebApp.esproj", "{834CEC66-B354-4583-8DB6-56FCDD6E5C5E}"
EndProject
Project("{FAE04EC0-301F-11D3-BF4B-00C04F79EFBC}") = "UploadAPI", "UploadAPI\UploadAPI.csproj", "{CEEAF97B-5B60-4C95-BB00-6B04CB2D45C3}"
EndProject
Project("{2150E333-8FDC-42A3-9474-1A3956D46DE8}") = "Library", "Library", "{B4608E36-1F36-4806-8958-73933E38E07C}"
EndProject
Global
	GlobalSection(SolutionConfigurationPlatforms) = preSolution
		Debug|Any CPU = Debug|Any CPU
		Release|Any CPU = Release|Any CPU
	EndGlobalSection
	GlobalSection(ProjectConfigurationPlatforms) = postSolution
		{D8326A47-89C7-40AC-8066-96ED4A6FAD96}.Debug|Any CPU.ActiveCfg = Debug|Any CPU
		{D8326A47-89C7-40AC-8066-96ED4A6FAD96}.Debug|Any CPU.Build.0 = Debug|Any CPU
		{D8326A47-89C7-40AC-8066-96ED4A6FAD96}.Release|Any CPU.ActiveCfg = Release|Any CPU
		{D8326A47-89C7-40AC-8066-96ED4A6FAD96}.Release|Any CPU.Build.0 = Release|Any CPU
		{BB57D8AE-2BA2-452F-B2A0-8C5BC1F691B6}.Debug|Any CPU.ActiveCfg = Debug|Any CPU
		{BB57D8AE-2BA2-452F-B2A0-8C5BC1F691B6}.Debug|Any CPU.Build.0 = Debug|Any CPU
		{BB57D8AE-2BA2-452F-B2A0-8C5BC1F691B6}.Release|Any CPU.ActiveCfg = Release|Any CPU
		{BB57D8AE-2BA2-452F-B2A0-8C5BC1F691B6}.Release|Any CPU.Build.0 = Release|Any CPU
		{85B7BC5A-1454-4656-BB27-90F9E983EF9F}.Debug|Any CPU.ActiveCfg = Debug|Any CPU
		{85B7BC5A-1454-4656-BB27-90F9E983EF9F}.Debug|Any CPU.Build.0 = Debug|Any CPU
		{85B7BC5A-1454-4656-BB27-90F9E983EF9F}.Release|Any CPU.ActiveCfg = Release|Any CPU
		{85B7BC5A-1454-4656-BB27-90F9E983EF9F}.Release|Any CPU.Build.0 = Release|Any CPU
		{299BF5E8-A69B-4238-A49D-5ADCAACEB613}.Debug|Any CPU.ActiveCfg = Debug|Any CPU
		{299BF5E8-A69B-4238-A49D-5ADCAACEB613}.Debug|Any CPU.Build.0 = Debug|Any CPU
		{299BF5E8-A69B-4238-A49D-5ADCAACEB613}.Release|Any CPU.ActiveCfg = Release|Any CPU
		{299BF5E8-A69B-4238-A49D-5ADCAACEB613}.Release|Any CPU.Build.0 = Release|Any CPU
		{9B508437-9360-4EFD-8E5B-D40AB6139C8B}.Debug|Any CPU.ActiveCfg = Debug|Any CPU
		{9B508437-9360-4EFD-8E5B-D40AB6139C8B}.Debug|Any CPU.Build.0 = Debug|Any CPU
		{9B508437-9360-4EFD-8E5B-D40AB6139C8B}.Release|Any CPU.ActiveCfg = Release|Any CPU
		{9B508437-9360-4EFD-8E5B-D40AB6139C8B}.Release|Any CPU.Build.0 = Release|Any CPU
		{87655989-DC8A-4307-8DFE-D8BCC65CAA80}.Debug|Any CPU.ActiveCfg = Debug|Any CPU
		{87655989-DC8A-4307-8DFE-D8BCC65CAA80}.Debug|Any CPU.Build.0 = Debug|Any CPU
		{87655989-DC8A-4307-8DFE-D8BCC65CAA80}.Release|Any CPU.ActiveCfg = Release|Any CPU
		{87655989-DC8A-4307-8DFE-D8BCC65CAA80}.Release|Any CPU.Build.0 = Release|Any CPU
		{834CEC66-B354-4583-8DB6-56FCDD6E5C5E}.Debug|Any CPU.ActiveCfg = Debug|Any CPU
		{834CEC66-B354-4583-8DB6-56FCDD6E5C5E}.Debug|Any CPU.Build.0 = Debug|Any CPU
		{834CEC66-B354-4583-8DB6-56FCDD6E5C5E}.Debug|Any CPU.Deploy.0 = Debug|Any CPU
		{834CEC66-B354-4583-8DB6-56FCDD6E5C5E}.Release|Any CPU.ActiveCfg = Release|Any CPU
		{834CEC66-B354-4583-8DB6-56FCDD6E5C5E}.Release|Any CPU.Build.0 = Release|Any CPU
		{834CEC66-B354-4583-8DB6-56FCDD6E5C5E}.Release|Any CPU.Deploy.0 = Release|Any CPU
		{CEEAF97B-5B60-4C95-BB00-6B04CB2D45C3}.Debug|Any CPU.ActiveCfg = Debug|Any CPU
		{CEEAF97B-5B60-4C95-BB00-6B04CB2D45C3}.Debug|Any CPU.Build.0 = Debug|Any CPU
		{CEEAF97B-5B60-4C95-BB00-6B04CB2D45C3}.Release|Any CPU.ActiveCfg = Release|Any CPU
		{CEEAF97B-5B60-4C95-BB00-6B04CB2D45C3}.Release|Any CPU.Build.0 = Release|Any CPU
	EndGlobalSection
	GlobalSection(SolutionProperties) = preSolution
		HideSolutionNode = FALSE
	EndGlobalSection
	GlobalSection(NestedProjects) = preSolution
		{A1D61846-9A3F-4C92-81F3-F280105CD397} = {4C4F3CA4-E5AD-4DEB-9F42-94CE412F6378}
		{CACAC862-CBF2-48F5-A81B-BC7760A82563} = {4C4F3CA4-E5AD-4DEB-9F42-94CE412F6378}
		{D8326A47-89C7-40AC-8066-96ED4A6FAD96} = {860448F2-4C08-4A53-AA27-85F954A295DC}
		{BB57D8AE-2BA2-452F-B2A0-8C5BC1F691B6} = {A1D61846-9A3F-4C92-81F3-F280105CD397}
		{85B7BC5A-1454-4656-BB27-90F9E983EF9F} = {76707166-E661-4749-B0D0-35BE1455F747}
		{299BF5E8-A69B-4238-A49D-5ADCAACEB613} = {76707166-E661-4749-B0D0-35BE1455F747}
		{2A4D246E-17EE-42F4-A2FF-9D02A15E9542} = {10B2F63D-E183-40AF-84C0-DBF553A6EF37}
		{96147426-0F4E-4AD9-AF03-0C0DDBE1A97C} = {10B2F63D-E183-40AF-84C0-DBF553A6EF37}
		{9B508437-9360-4EFD-8E5B-D40AB6139C8B} = {584B7923-DF94-4E0D-8220-5096CF01A8F1}
		{87655989-DC8A-4307-8DFE-D8BCC65CAA80} = {76707166-E661-4749-B0D0-35BE1455F747}
		{834CEC66-B354-4583-8DB6-56FCDD6E5C5E} = {CACAC862-CBF2-48F5-A81B-BC7760A82563}
		{CEEAF97B-5B60-4C95-BB00-6B04CB2D45C3} = {A1D61846-9A3F-4C92-81F3-F280105CD397}
		{B4608E36-1F36-4806-8958-73933E38E07C} = {584B7923-DF94-4E0D-8220-5096CF01A8F1}
	EndGlobalSection
	GlobalSection(ExtensibilityGlobals) = postSolution
		SolutionGuid = {827396EF-BACF-4B65-887A-855BDE7E2811}
	EndGlobalSection
EndGlobal
